// !$*UTF8*$!
{
	archiveVersion = 1;
	classes = {
	};
	objectVersion = 46;
	objects = {

/* Begin PBXBuildFile section */
		335404201D517B8400BA555E /* AppDelegate.swift in Sources */ = {isa = PBXBuildFile; fileRef = 3354041F1D517B8400BA555E /* AppDelegate.swift */; };
		335404221D517B8400BA555E /* ViewController.swift in Sources */ = {isa = PBXBuildFile; fileRef = 335404211D517B8400BA555E /* ViewController.swift */; };
		335404251D517B8400BA555E /* Main.storyboard in Resources */ = {isa = PBXBuildFile; fileRef = 335404231D517B8400BA555E /* Main.storyboard */; };
		335404271D517B8400BA555E /* Assets.xcassets in Resources */ = {isa = PBXBuildFile; fileRef = 335404261D517B8400BA555E /* Assets.xcassets */; };
		3354042A1D517B8400BA555E /* LaunchScreen.storyboard in Resources */ = {isa = PBXBuildFile; fileRef = 335404281D517B8400BA555E /* LaunchScreen.storyboard */; };
		335404331D517B9700BA555E /* CloudKit.framework in Frameworks */ = {isa = PBXBuildFile; fileRef = 335404321D517B9700BA555E /* CloudKit.framework */; };
/* End PBXBuildFile section */

/* Begin PBXFileReference section */
		3354041C1D517B8400BA555E /* HighWatersApplication.app */ = {isa = PBXFileReference; explicitFileType = wrapper.application; includeInIndex = 0; path = HighWatersApplication.app; sourceTree = BUILT_PRODUCTS_DIR; };
		3354041F1D517B8400BA555E /* AppDelegate.swift */ = {isa = PBXFileReference; lastKnownFileType = sourcecode.swift; path = AppDelegate.swift; sourceTree = "<group>"; };
		335404211D517B8400BA555E /* ViewController.swift */ = {isa = PBXFileReference; lastKnownFileType = sourcecode.swift; path = ViewController.swift; sourceTree = "<group>"; };
		335404241D517B8400BA555E /* Base */ = {isa = PBXFileReference; lastKnownFileType = file.storyboard; name = Base; path = Base.lproj/Main.storyboard; sourceTree = "<group>"; };
		335404261D517B8400BA555E /* Assets.xcassets */ = {isa = PBXFileReference; lastKnownFileType = folder.assetcatalog; path = Assets.xcassets; sourceTree = "<group>"; };
		335404291D517B8400BA555E /* Base */ = {isa = PBXFileReference; lastKnownFileType = file.storyboard; name = Base; path = Base.lproj/LaunchScreen.storyboard; sourceTree = "<group>"; };
		3354042B1D517B8400BA555E /* Info.plist */ = {isa = PBXFileReference; lastKnownFileType = text.plist.xml; path = Info.plist; sourceTree = "<group>"; };
		335404311D517B9200BA555E /* HighWatersApplication.entitlements */ = {isa = PBXFileReference; lastKnownFileType = text.xml; path = HighWatersApplication.entitlements; sourceTree = "<group>"; };
		335404321D517B9700BA555E /* CloudKit.framework */ = {isa = PBXFileReference; lastKnownFileType = wrapper.framework; name = CloudKit.framework; path = System/Library/Frameworks/CloudKit.framework; sourceTree = SDKROOT; };
/* End PBXFileReference section */

/* Begin PBXFrameworksBuildPhase section */
		335404191D517B8400BA555E /* Frameworks */ = {
			isa = PBXFrameworksBuildPhase;
			buildActionMask = 2147483647;
			files = (
				335404331D517B9700BA555E /* CloudKit.framework in Frameworks */,
			);
			runOnlyForDeploymentPostprocessing = 0;
		};
/* End PBXFrameworksBuildPhase section */

/* Begin PBXGroup section */
		335404131D517B8400BA555E = {
			isa = PBXGroup;
			children = (
				335404321D517B9700BA555E /* CloudKit.framework */,
				3354041E1D517B8400BA555E /* HighWatersApplication */,
				3354041D1D517B8400BA555E /* Products */,
			);
			sourceTree = "<group>";
		};
		3354041D1D517B8400BA555E /* Products */ = {
			isa = PBXGroup;
			children = (
				3354041C1D517B8400BA555E /* HighWatersApplication.app */,
			);
			name = Products;
			sourceTree = "<group>";
		};
		3354041E1D517B8400BA555E /* HighWatersApplication */ = {
			isa = PBXGroup;
			children = (
				335404311D517B9200BA555E /* HighWatersApplication.entitlements */,
				3354041F1D517B8400BA555E /* AppDelegate.swift */,
				335404211D517B8400BA555E /* ViewController.swift */,
				335404231D517B8400BA555E /* Main.storyboard */,
				335404261D517B8400BA555E /* Assets.xcassets */,
				335404281D517B8400BA555E /* LaunchScreen.storyboard */,
				3354042B1D517B8400BA555E /* Info.plist */,
			);
			path = HighWatersApplication;
			sourceTree = "<group>";
		};
/* End PBXGroup section */

/* Begin PBXNativeTarget section */
		3354041B1D517B8400BA555E /* HighWatersApplication */ = {
			isa = PBXNativeTarget;
			buildConfigurationList = 3354042E1D517B8400BA555E /* Build configuration list for PBXNativeTarget "HighWatersApplication" */;
			buildPhases = (
				335404181D517B8400BA555E /* Sources */,
				335404191D517B8400BA555E /* Frameworks */,
				3354041A1D517B8400BA555E /* Resources */,
			);
			buildRules = (
			);
			dependencies = (
			);
			name = HighWatersApplication;
			productName = HighWatersApplication;
			productReference = 3354041C1D517B8400BA555E /* HighWatersApplication.app */;
			productType = "com.apple.product-type.application";
		};
/* End PBXNativeTarget section */

/* Begin PBXProject section */
		335404141D517B8400BA555E /* Project object */ = {
			isa = PBXProject;
			attributes = {
				LastSwiftUpdateCheck = 0730;
				LastUpgradeCheck = 0730;
				ORGANIZATIONNAME = "Bryan Ayllon";
				TargetAttributes = {
					3354041B1D517B8400BA555E = {
						CreatedOnToolsVersion = 7.3.1;
						DevelopmentTeam = K6D7U78644;
						SystemCapabilities = {
							com.apple.iCloud = {
								enabled = 1;
							};
						};
					};
				};
			};
			buildConfigurationList = 335404171D517B8400BA555E /* Build configuration list for PBXProject "HighWatersApplication" */;
			compatibilityVersion = "Xcode 3.2";
			developmentRegion = English;
			hasScannedForEncodings = 0;
			knownRegions = (
				en,
				Base,
			);
			mainGroup = 335404131D517B8400BA555E;
			productRefGroup = 3354041D1D517B8400BA555E /* Products */;
			projectDirPath = "";
			projectRoot = "";
			targets = (
				3354041B1D517B8400BA555E /* HighWatersApplication */,
			);
		};
/* End PBXProject section */

/* Begin PBXResourcesBuildPhase section */
		3354041A1D517B8400BA555E /* Resources */ = {
			isa = PBXResourcesBuildPhase;
			buildActionMask = 2147483647;
			files = (
				3354042A1D517B8400BA555E /* LaunchScreen.storyboard in Resources */,
				335404271D517B8400BA555E /* Assets.xcassets in Resources */,
				335404251D517B8400BA555E /* Main.storyboard in Resources */,
			);
			runOnlyForDeploymentPostprocessing = 0;
		};
/* End PBXResourcesBuildPhase section */

/* Begin PBXSourcesBuildPhase section */
		335404181D517B8400BA555E /* Sources */ = {
			isa = PBXSourcesBuildPhase;
			buildActionMask = 2147483647;
			files = (
				335404221D517B8400BA555E /* ViewController.swift in Sources */,
				335404201D517B8400BA555E /* AppDelegate.swift in Sources */,
			);
			runOnlyForDeploymentPostprocessing = 0;
		};
/* End PBXSourcesBuildPhase section */

/* Begin PBXVariantGroup section */
		335404231D517B8400BA555E /* Main.storyboard */ = {
			isa = PBXVariantGroup;
			children = (
				335404241D517B8400BA555E /* Base */,
			);
			name = Main.storyboard;
			sourceTree = "<group>";
		};
		335404281D517B8400BA555E /* LaunchScreen.storyboard */ = {
			isa = PBXVariantGroup;
			children = (
				335404291D517B8400BA555E /* Base */,
			);
			name = LaunchScreen.storyboard;
			sourceTree = "<group>";
		};
/* End PBXVariantGroup section */

/* Begin XCBuildConfiguration section */
		3354042C1D517B8400BA555E /* Debug */ = {
			isa = XCBuildConfiguration;
			buildSettings = {
				ALWAYS_SEARCH_USER_PATHS = NO;
				CLANG_ANALYZER_NONNULL = YES;
				CLANG_CXX_LANGUAGE_STANDARD = "gnu++0x";
				CLANG_CXX_LIBRARY = "libc++";
				CLANG_ENABLE_MODULES = YES;
				CLANG_ENABLE_OBJC_ARC = YES;
				CLANG_WARN_BOOL_CONVERSION = YES;
				CLANG_WARN_CONSTANT_CONVERSION = YES;
				CLANG_WARN_DIRECT_OBJC_ISA_USAGE = YES_ERROR;
				CLANG_WARN_EMPTY_BODY = YES;
				CLANG_WARN_ENUM_CONVERSION = YES;
				CLANG_WARN_INT_CONVERSION = YES;
				CLANG_WARN_OBJC_ROOT_CLASS = YES_ERROR;
				CLANG_WARN_UNREACHABLE_CODE = YES;
				CLANG_WARN__DUPLICATE_METHOD_MATCH = YES;
				"CODE_SIGN_IDENTITY[sdk=iphoneos*]" = "iPhone Developer";
				COPY_PHASE_STRIP = NO;
				DEBUG_INFORMATION_FORMAT = dwarf;
				ENABLE_STRICT_OBJC_MSGSEND = YES;
				ENABLE_TESTABILITY = YES;
				GCC_C_LANGUAGE_STANDARD = gnu99;
				GCC_DYNAMIC_NO_PIC = NO;
				GCC_NO_COMMON_BLOCKS = YES;
				GCC_OPTIMIZATION_LEVEL = 0;
				GCC_PREPROCESSOR_DEFINITIONS = (
					"DEBUG=1",
					"$(inherited)",
				);
				GCC_WARN_64_TO_32_BIT_CONVERSION = YES;
				GCC_WARN_ABOUT_RETURN_TYPE = YES_ERROR;
				GCC_WARN_UNDECLARED_SELECTOR = YES;
				GCC_WARN_UNINITIALIZED_AUTOS = YES_AGGRESSIVE;
				GCC_WARN_UNUSED_FUNCTION = YES;
				GCC_WARN_UNUSED_VARIABLE = YES;
				IPHONEOS_DEPLOYMENT_TARGET = 9.3;
				MTL_ENABLE_DEBUG_INFO = YES;
				ONLY_ACTIVE_ARCH = YES;
				SDKROOT = iphoneos;
				SWIFT_OPTIMIZATION_LEVEL = "-Onone";
				TARGETED_DEVICE_FAMILY = "1,2";
			};
			name = Debug;
		};
		3354042D1D517B8400BA555E /* Release */ = {
			isa = XCBuildConfiguration;
			buildSettings = {
				ALWAYS_SEARCH_USER_PATHS = NO;
				CLANG_ANALYZER_NONNULL = YES;
				CLANG_CXX_LANGUAGE_STANDARD = "gnu++0x";
				CLANG_CXX_LIBRARY = "libc++";
				CLANG_ENABLE_MODULES = YES;
				CLANG_ENABLE_OBJC_ARC = YES;
				CLANG_WARN_BOOL_CONVERSION = YES;
				CLANG_WARN_CONSTANT_CONVERSION = YES;
				CLANG_WARN_DIRECT_OBJC_ISA_USAGE = YES_ERROR;
				CLANG_WARN_EMPTY_BODY = YES;
				CLANG_WARN_ENUM_CONVERSION = YES;
				CLANG_WARN_INT_CONVERSION = YES;
				CLANG_WARN_OBJC_ROOT_CLASS = YES_ERROR;
				CLANG_WARN_UNREACHABLE_CODE = YES;
				CLANG_WARN__DUPLICATE_METHOD_MATCH = YES;
				"CODE_SIGN_IDENTITY[sdk=iphoneos*]" = "iPhone Developer";
				COPY_PHASE_STRIP = NO;
				DEBUG_INFORMATION_FORMAT = "dwarf-with-dsym";
				ENABLE_NS_ASSERTIONS = NO;
				ENABLE_STRICT_OBJC_MSGSEND = YES;
				GCC_C_LANGUAGE_STANDARD = gnu99;
				GCC_NO_COMMON_BLOCKS = YES;
				GCC_WARN_64_TO_32_BIT_CONVERSION = YES;
				GCC_WARN_ABOUT_RETURN_TYPE = YES_ERROR;
				GCC_WARN_UNDECLARED_SELECTOR = YES;
				GCC_WARN_UNINITIALIZED_AUTOS = YES_AGGRESSIVE;
				GCC_WARN_UNUSED_FUNCTION = YES;
				GCC_WARN_UNUSED_VARIABLE = YES;
				IPHONEOS_DEPLOYMENT_TARGET = 9.3;
				MTL_ENABLE_DEBUG_INFO = NO;
				SDKROOT = iphoneos;
				TARGETED_DEVICE_FAMILY = "1,2";
				VALIDATE_PRODUCT = YES;
			};
			name = Release;
		};
		3354042F1D517B8400BA555E /* Debug */ = {
			isa = XCBuildConfiguration;
			buildSettings = {
				ASSETCATALOG_COMPILER_APPICON_NAME = AppIcon;
				CODE_SIGN_ENTITLEMENTS = HighWatersApplication/HighWatersApplication.entitlements;
				CODE_SIGN_IDENTITY = "iPhone Developer";
				INFOPLIST_FILE = HighWatersApplication/Info.plist;
				LD_RUNPATH_SEARCH_PATHS = "$(inherited) @executable_path/Frameworks";
				PRODUCT_BUNDLE_IDENTIFIER = com.bemonsterz.HighWatersApplication;
				PRODUCT_NAME = "$(TARGET_NAME)";
			};
			name = Debug;
		};
		335404301D517B8400BA555E /* Release */ = {
			isa = XCBuildConfiguration;
			buildSettings = {
				ASSETCATALOG_COMPILER_APPICON_NAME = AppIcon;
				CODE_SIGN_ENTITLEMENTS = HighWatersApplication/HighWatersApplication.entitlements;
				CODE_SIGN_IDENTITY = "iPhone Developer";
				INFOPLIST_FILE = HighWatersApplication/Info.plist;
				LD_RUNPATH_SEARCH_PATHS = "$(inherited) @executable_path/Frameworks";
				PRODUCT_BUNDLE_IDENTIFIER = com.bemonsterz.HighWatersApplication;
				PRODUCT_NAME = "$(TARGET_NAME)";
			};
			name = Release;
		};
/* End XCBuildConfiguration section */

/* Begin XCConfigurationList section */
		335404171D517B8400BA555E /* Build configuration list for PBXProject "HighWatersApplication" */ = {
			isa = XCConfigurationList;
			buildConfigurations = (
				3354042C1D517B8400BA555E /* Debug */,
				3354042D1D517B8400BA555E /* Release */,
			);
			defaultConfigurationIsVisible = 0;
			defaultConfigurationName = Release;
		};
		3354042E1D517B8400BA555E /* Build configuration list for PBXNativeTarget "HighWatersApplication" */ = {
			isa = XCConfigurationList;
			buildConfigurations = (
				3354042F1D517B8400BA555E /* Debug */,
				335404301D517B8400BA555E /* Release */,
			);
			defaultConfigurationIsVisible = 0;
		};
/* End XCConfigurationList section */
	};
	rootObject = 335404141D517B8400BA555E /* Project object */;
}
